
Microsoft Visual Studio Solution File, Format Version 12.00
# Visual Studio Version 17
VisualStudioVersion = 17.11.35222.181
MinimumVisualStudioVersion = 10.0.40219.1
Project("{8BC9CEB8-8B4A-11D0-8D11-00A0C91BC942}") = "lab6", "lab6\lab6.vcxproj", "{C983C097-BD45-4CDF-B9F7-CE7AA85FB89D}"
EndProject
Global
	GlobalSection(SolutionConfigurationPlatforms) = preSolution
		Debug|x64 = Debug|x64
		Debug|x86 = Debug|x86
		Release|x64 = Release|x64
		Release|x86 = Release|x86
	EndGlobalSection
	GlobalSection(ProjectConfigurationPlatforms) = postSolution
		{C983C097-BD45-4CDF-B9F7-CE7AA85FB89D}.Debug|x64.ActiveCfg = Debug|x64
		{C983C097-BD45-4CDF-B9F7-CE7AA85FB89D}.Debug|x64.Build.0 = Debug|x64
		{C983C097-BD45-4CDF-B9F7-CE7AA85FB89D}.Debug|x86.ActiveCfg = Debug|Win32
		{C983C097-BD45-4CDF-B9F7-CE7AA85FB89D}.Debug|x86.Build.0 = Debug|Win32
		{C983C097-BD45-4CDF-B9F7-CE7AA85FB89D}.Release|x64.ActiveCfg = Release|x64
		{C983C097-BD45-4CDF-B9F7-CE7AA85FB89D}.Release|x64.Build.0 = Release|x64
		{C983C097-BD45-4CDF-B9F7-CE7AA85FB89D}.Release|x86.ActiveCfg = Release|Win32
		{C983C097-BD45-4CDF-B9F7-CE7AA85FB89D}.Release|x86.Build.0 = Release|Win32
	EndGlobalSection
	GlobalSection(SolutionProperties) = preSolution
		HideSolutionNode = FALSE
	EndGlobalSection
	GlobalSection(ExtensibilityGlobals) = postSolution
		SolutionGuid = {6BEF6A0E-C00D-4C71-A407-7296A56E71A3}
	EndGlobalSection
EndGlobal
